PODS:
  - Alamofire (2.0.2)
  - KVNProgress (2.2.4)
  - PLFileProccessing (0.1.0):
    - Alamofire (~> 2.0)
    - KVNProgress

DEPENDENCIES:
  - PLFileProccessing (from `../`)

EXTERNAL SOURCES:
  PLFileProccessing:
    :path: ../

SPEC CHECKSUMS:
  Alamofire: 8edbab00802a752bb5240cc2abe70e7e881488ad
  KVNProgress: 541edcea5a1fef592aceac8d791a410d38cb499d
  PLFileProccessing: 2643cc400dcae8b7f1bb11fc843c8ed8d7129af6

COCOAPODS: 0.39.0
